// !$*UTF8*$!
{
	archiveVersion = 1;
	classes = {
	};
	objectVersion = 50;
	objects = {

/* Begin PBXBuildFile section */
		1F045CC81DBAEBA20EFB05A3 /* Pods_sBotOSX.framework in Frameworks */ = {isa = PBXBuildFile; fileRef = AD42519782EB681B495F7BF4 /* Pods_sBotOSX.framework */; };
		49F7416B2184EA430005EB65 /* loginViewController.swift in Sources */ = {isa = PBXBuildFile; fileRef = 49F741692184EA430005EB65 /* loginViewController.swift */; };
		49F74170218637070005EB65 /* SharingManager.swift in Sources */ = {isa = PBXBuildFile; fileRef = 49F7416F218637070005EB65 /* SharingManager.swift */; };
		49F7417221877FA60005EB65 /* triangle.icns in Resources */ = {isa = PBXBuildFile; fileRef = 49F7417121877FA30005EB65 /* triangle.icns */; };
		49F9C884218172B00045994C /* AppDelegate.swift in Sources */ = {isa = PBXBuildFile; fileRef = 49F9C883218172B00045994C /* AppDelegate.swift */; };
		49F9C886218172B00045994C /* ViewController.swift in Sources */ = {isa = PBXBuildFile; fileRef = 49F9C885218172B00045994C /* ViewController.swift */; };
		49F9C888218172B90045994C /* Assets.xcassets in Resources */ = {isa = PBXBuildFile; fileRef = 49F9C887218172B90045994C /* Assets.xcassets */; };
		49F9C88B218172B90045994C /* Main.storyboard in Resources */ = {isa = PBXBuildFile; fileRef = 49F9C889218172B90045994C /* Main.storyboard */; };
		49F9C8962182AE8B0045994C /* settingsViewController.swift in Sources */ = {isa = PBXBuildFile; fileRef = 49F9C8952182AE8B0045994C /* settingsViewController.swift */; };
/* End PBXBuildFile section */

/* Begin PBXFileReference section */
		49F741692184EA430005EB65 /* loginViewController.swift */ = {isa = PBXFileReference; lastKnownFileType = sourcecode.swift; path = loginViewController.swift; sourceTree = "<group>"; };
		49F7416F218637070005EB65 /* SharingManager.swift */ = {isa = PBXFileReference; lastKnownFileType = sourcecode.swift; path = SharingManager.swift; sourceTree = "<group>"; };
		49F7417121877FA30005EB65 /* triangle.icns */ = {isa = PBXFileReference; lastKnownFileType = image.icns; path = triangle.icns; sourceTree = "<group>"; };
		49F9C880218172B00045994C /* sBotOSX.app */ = {isa = PBXFileReference; explicitFileType = wrapper.application; includeInIndex = 0; path = sBotOSX.app; sourceTree = BUILT_PRODUCTS_DIR; };
		49F9C883218172B00045994C /* AppDelegate.swift */ = {isa = PBXFileReference; lastKnownFileType = sourcecode.swift; path = AppDelegate.swift; sourceTree = "<group>"; };
		49F9C885218172B00045994C /* ViewController.swift */ = {isa = PBXFileReference; lastKnownFileType = sourcecode.swift; path = ViewController.swift; sourceTree = "<group>"; };
		49F9C887218172B90045994C /* Assets.xcassets */ = {isa = PBXFileReference; lastKnownFileType = folder.assetcatalog; path = Assets.xcassets; sourceTree = "<group>"; };
		49F9C88A218172B90045994C /* Base */ = {isa = PBXFileReference; lastKnownFileType = file.storyboard; name = Base; path = Base.lproj/Main.storyboard; sourceTree = "<group>"; };
		49F9C88C218172B90045994C /* Info.plist */ = {isa = PBXFileReference; lastKnownFileType = text.plist.xml; path = Info.plist; sourceTree = "<group>"; };
		49F9C88D218172B90045994C /* sBotOSX.entitlements */ = {isa = PBXFileReference; lastKnownFileType = text.plist.entitlements; path = sBotOSX.entitlements; sourceTree = "<group>"; };
		49F9C8952182AE8B0045994C /* settingsViewController.swift */ = {isa = PBXFileReference; lastKnownFileType = sourcecode.swift; path = settingsViewController.swift; sourceTree = "<group>"; };
		9E34A146F21C72BDB54C509C /* Pods-sBotOSX.release.xcconfig */ = {isa = PBXFileReference; includeInIndex = 1; lastKnownFileType = text.xcconfig; name = "Pods-sBotOSX.release.xcconfig"; path = "Pods/Target Support Files/Pods-sBotOSX/Pods-sBotOSX.release.xcconfig"; sourceTree = "<group>"; };
		A784A6D2BC95005A66ADC77C /* Pods-sBotOSX.debug.xcconfig */ = {isa = PBXFileReference; includeInIndex = 1; lastKnownFileType = text.xcconfig; name = "Pods-sBotOSX.debug.xcconfig"; path = "Pods/Target Support Files/Pods-sBotOSX/Pods-sBotOSX.debug.xcconfig"; sourceTree = "<group>"; };
		AD42519782EB681B495F7BF4 /* Pods_sBotOSX.framework */ = {isa = PBXFileReference; explicitFileType = wrapper.framework; includeInIndex = 0; path = Pods_sBotOSX.framework; sourceTree = BUILT_PRODUCTS_DIR; };
/* End PBXFileReference section */

/* Begin PBXFrameworksBuildPhase section */
		49F9C87D218172B00045994C /* Frameworks */ = {
			isa = PBXFrameworksBuildPhase;
			buildActionMask = 2147483647;
			files = (
				1F045CC81DBAEBA20EFB05A3 /* Pods_sBotOSX.framework in Frameworks */,
			);
			runOnlyForDeploymentPostprocessing = 0;
		};
/* End PBXFrameworksBuildPhase section */

/* Begin PBXGroup section */
		49F9C877218172B00045994C = {
			isa = PBXGroup;
			children = (
				49F9C882218172B00045994C /* sBotOSX */,
				49F9C881218172B00045994C /* Products */,
				F60FC28A10CA4761AE8E1CBB /* Pods */,
				64A60593B03F21E5896BB846 /* Frameworks */,
			);
			sourceTree = "<group>";
		};
		49F9C881218172B00045994C /* Products */ = {
			isa = PBXGroup;
			children = (
				49F9C880218172B00045994C /* sBotOSX.app */,
			);
			name = Products;
			sourceTree = "<group>";
		};
		49F9C882218172B00045994C /* sBotOSX */ = {
			isa = PBXGroup;
			children = (
				49F7417121877FA30005EB65 /* triangle.icns */,
				49F9C883218172B00045994C /* AppDelegate.swift */,
				49F9C885218172B00045994C /* ViewController.swift */,
				49F9C887218172B90045994C /* Assets.xcassets */,
				49F9C889218172B90045994C /* Main.storyboard */,
				49F9C88C218172B90045994C /* Info.plist */,
				49F9C88D218172B90045994C /* sBotOSX.entitlements */,
				49F9C8952182AE8B0045994C /* settingsViewController.swift */,
				49F741692184EA430005EB65 /* loginViewController.swift */,
				49F7416F218637070005EB65 /* SharingManager.swift */,
			);
			path = sBotOSX;
			sourceTree = "<group>";
		};
		64A60593B03F21E5896BB846 /* Frameworks */ = {
			isa = PBXGroup;
			children = (
				AD42519782EB681B495F7BF4 /* Pods_sBotOSX.framework */,
			);
			name = Frameworks;
			sourceTree = "<group>";
		};
		F60FC28A10CA4761AE8E1CBB /* Pods */ = {
			isa = PBXGroup;
			children = (
				A784A6D2BC95005A66ADC77C /* Pods-sBotOSX.debug.xcconfig */,
				9E34A146F21C72BDB54C509C /* Pods-sBotOSX.release.xcconfig */,
			);
			name = Pods;
			sourceTree = "<group>";
		};
/* End PBXGroup section */

/* Begin PBXNativeTarget section */
		49F9C87F218172B00045994C /* sBotOSX */ = {
			isa = PBXNativeTarget;
			buildConfigurationList = 49F9C890218172B90045994C /* Build configuration list for PBXNativeTarget "sBotOSX" */;
			buildPhases = (
				F78E1BF2E375122C6A746496 /* [CP] Check Pods Manifest.lock */,
				49F9C87C218172B00045994C /* Sources */,
				49F9C87D218172B00045994C /* Frameworks */,
				49F9C87E218172B00045994C /* Resources */,
				A0FBC8ED55E8AB6FD0412436 /* [CP] Embed Pods Frameworks */,
			);
			buildRules = (
			);
			dependencies = (
			);
			name = sBotOSX;
			productName = sBotOSX;
			productReference = 49F9C880218172B00045994C /* sBotOSX.app */;
			productType = "com.apple.product-type.application";
		};
/* End PBXNativeTarget section */

/* Begin PBXProject section */
		49F9C878218172B00045994C /* Project object */ = {
			isa = PBXProject;
			attributes = {
				LastSwiftUpdateCheck = 1000;
				LastUpgradeCheck = 1000;
				ORGANIZATIONNAME = KSG;
				TargetAttributes = {
					49F9C87F218172B00045994C = {
						CreatedOnToolsVersion = 10.0;
						SystemCapabilities = {
							com.apple.Sandbox = {
								enabled = 1;
							};
						};
					};
				};
			};
			buildConfigurationList = 49F9C87B218172B00045994C /* Build configuration list for PBXProject "sBotOSX" */;
			compatibilityVersion = "Xcode 9.3";
			developmentRegion = en;
			hasScannedForEncodings = 0;
			knownRegions = (
				en,
				Base,
			);
			mainGroup = 49F9C877218172B00045994C;
			productRefGroup = 49F9C881218172B00045994C /* Products */;
			projectDirPath = "";
			projectRoot = "";
			targets = (
				49F9C87F218172B00045994C /* sBotOSX */,
			);
		};
/* End PBXProject section */

/* Begin PBXResourcesBuildPhase section */
		49F9C87E218172B00045994C /* Resources */ = {
			isa = PBXResourcesBuildPhase;
			buildActionMask = 2147483647;
			files = (
				49F9C888218172B90045994C /* Assets.xcassets in Resources */,
				49F7417221877FA60005EB65 /* triangle.icns in Resources */,
				49F9C88B218172B90045994C /* Main.storyboard in Resources */,
			);
			runOnlyForDeploymentPostprocessing = 0;
		};
/* End PBXResourcesBuildPhase section */

/* Begin PBXShellScriptBuildPhase section */
		A0FBC8ED55E8AB6FD0412436 /* [CP] Embed Pods Frameworks */ = {
			isa = PBXShellScriptBuildPhase;
			buildActionMask = 2147483647;
			files = (
			);
			inputPaths = (
				"${SRCROOT}/Pods/Target Support Files/Pods-sBotOSX/Pods-sBotOSX-frameworks.sh",
				"${BUILT_PRODUCTS_DIR}/Kanna/Kanna.framework",
			);
			name = "[CP] Embed Pods Frameworks";
			outputPaths = (
				"${TARGET_BUILD_DIR}/${FRAMEWORKS_FOLDER_PATH}/Kanna.framework",
			);
			runOnlyForDeploymentPostprocessing = 0;
			shellPath = /bin/sh;
			shellScript = "\"${SRCROOT}/Pods/Target Support Files/Pods-sBotOSX/Pods-sBotOSX-frameworks.sh\"\n";
			showEnvVarsInLog = 0;
		};
		F78E1BF2E375122C6A746496 /* [CP] Check Pods Manifest.lock */ = {
			isa = PBXShellScriptBuildPhase;
			buildActionMask = 2147483647;
			files = (
			);
			inputPaths = (
				"${PODS_PODFILE_DIR_PATH}/Podfile.lock",
				"${PODS_ROOT}/Manifest.lock",
			);
			name = "[CP] Check Pods Manifest.lock";
			outputPaths = (
				"$(DERIVED_FILE_DIR)/Pods-sBotOSX-checkManifestLockResult.txt",
			);
			runOnlyForDeploymentPostprocessing = 0;
			shellPath = /bin/sh;
			shellScript = "diff \"${PODS_PODFILE_DIR_PATH}/Podfile.lock\" \"${PODS_ROOT}/Manifest.lock\" > /dev/null\nif [ $? != 0 ] ; then\n    # print error to STDERR\n    echo \"error: The sandbox is not in sync with the Podfile.lock. Run 'pod install' or update your CocoaPods installation.\" >&2\n    exit 1\nfi\n# This output is used by Xcode 'outputs' to avoid re-running this script phase.\necho \"SUCCESS\" > \"${SCRIPT_OUTPUT_FILE_0}\"\n";
			showEnvVarsInLog = 0;
		};
/* End PBXShellScriptBuildPhase section */

/* Begin PBXSourcesBuildPhase section */
		49F9C87C218172B00045994C /* Sources */ = {
			isa = PBXSourcesBuildPhase;
			buildActionMask = 2147483647;
			files = (
				49F9C886218172B00045994C /* ViewController.swift in Sources */,
				49F9C884218172B00045994C /* AppDelegate.swift in Sources */,
				49F9C8962182AE8B0045994C /* settingsViewController.swift in Sources */,
				49F74170218637070005EB65 /* SharingManager.swift in Sources */,
				49F7416B2184EA430005EB65 /* loginViewController.swift in Sources */,
			);
			runOnlyForDeploymentPostprocessing = 0;
		};
/* End PBXSourcesBuildPhase section */

/* Begin PBXVariantGroup section */
		49F9C889218172B90045994C /* Main.storyboard */ = {
			isa = PBXVariantGroup;
			children = (
				49F9C88A218172B90045994C /* Base */,
			);
			name = Main.storyboard;
			sourceTree = "<group>";
		};
/* End PBXVariantGroup section */

/* Begin XCBuildConfiguration section */
		49F9C88E218172B90045994C /* Debug */ = {
			isa = XCBuildConfiguration;
			buildSettings = {
				ALWAYS_SEARCH_USER_PATHS = NO;
				CLANG_ANALYZER_NONNULL = YES;
				CLANG_ANALYZER_NUMBER_OBJECT_CONVERSION = YES_AGGRESSIVE;
				CLANG_CXX_LANGUAGE_STANDARD = "gnu++14";
				CLANG_CXX_LIBRARY = "libc++";
				CLANG_ENABLE_MODULES = YES;
				CLANG_ENABLE_OBJC_ARC = YES;
				CLANG_ENABLE_OBJC_WEAK = YES;
				CLANG_WARN_BLOCK_CAPTURE_AUTORELEASING = YES;
				CLANG_WARN_BOOL_CONVERSION = YES;
				CLANG_WARN_COMMA = YES;
				CLANG_WARN_CONSTANT_CONVERSION = YES;
				CLANG_WARN_DEPRECATED_OBJC_IMPLEMENTATIONS = YES;
				CLANG_WARN_DIRECT_OBJC_ISA_USAGE = YES_ERROR;
				CLANG_WARN_DOCUMENTATION_COMMENTS = YES;
				CLANG_WARN_EMPTY_BODY = YES;
				CLANG_WARN_ENUM_CONVERSION = YES;
				CLANG_WARN_INFINITE_RECURSION = YES;
				CLANG_WARN_INT_CONVERSION = YES;
				CLANG_WARN_NON_LITERAL_NULL_CONVERSION = YES;
				CLANG_WARN_OBJC_IMPLICIT_RETAIN_SELF = YES;
				CLANG_WARN_OBJC_LITERAL_CONVERSION = YES;
				CLANG_WARN_OBJC_ROOT_CLASS = YES_ERROR;
				CLANG_WARN_RANGE_LOOP_ANALYSIS = YES;
				CLANG_WARN_STRICT_PROTOTYPES = YES;
				CLANG_WARN_SUSPICIOUS_MOVE = YES;
				CLANG_WARN_UNGUARDED_AVAILABILITY = YES_AGGRESSIVE;
				CLANG_WARN_UNREACHABLE_CODE = YES;
				CLANG_WARN__DUPLICATE_METHOD_MATCH = YES;
				CODE_SIGN_IDENTITY = "-";
				COPY_PHASE_STRIP = NO;
				DEBUG_INFORMATION_FORMAT = dwarf;
				ENABLE_STRICT_OBJC_MSGSEND = YES;
				ENABLE_TESTABILITY = YES;
				GCC_C_LANGUAGE_STANDARD = gnu11;
				GCC_DYNAMIC_NO_PIC = NO;
				GCC_NO_COMMON_BLOCKS = YES;
				GCC_OPTIMIZATION_LEVEL = 0;
				GCC_PREPROCESSOR_DEFINITIONS = (
					"DEBUG=1",
					"$(inherited)",
				);
				GCC_WARN_64_TO_32_BIT_CONVERSION = YES;
				GCC_WARN_ABOUT_RETURN_TYPE = YES_ERROR;
				GCC_WARN_UNDECLARED_SELECTOR = YES;
				GCC_WARN_UNINITIALIZED_AUTOS = YES_AGGRESSIVE;
				GCC_WARN_UNUSED_FUNCTION = YES;
				GCC_WARN_UNUSED_VARIABLE = YES;
				MACOSX_DEPLOYMENT_TARGET = 10.13;
				MTL_ENABLE_DEBUG_INFO = INCLUDE_SOURCE;
				MTL_FAST_MATH = YES;
				ONLY_ACTIVE_ARCH = YES;
				SDKROOT = macosx;
				SWIFT_ACTIVE_COMPILATION_CONDITIONS = DEBUG;
				SWIFT_OPTIMIZATION_LEVEL = "-Onone";
			};
			name = Debug;
		};
		49F9C88F218172B90045994C /* Release */ = {
			isa = XCBuildConfiguration;
			buildSettings = {
				ALWAYS_SEARCH_USER_PATHS = NO;
				CLANG_ANALYZER_NONNULL = YES;
				CLANG_ANALYZER_NUMBER_OBJECT_CONVERSION = YES_AGGRESSIVE;
				CLANG_CXX_LANGUAGE_STANDARD = "gnu++14";
				CLANG_CXX_LIBRARY = "libc++";
				CLANG_ENABLE_MODULES = YES;
				CLANG_ENABLE_OBJC_ARC = YES;
				CLANG_ENABLE_OBJC_WEAK = YES;
				CLANG_WARN_BLOCK_CAPTURE_AUTORELEASING = YES;
				CLANG_WARN_BOOL_CONVERSION = YES;
				CLANG_WARN_COMMA = YES;
				CLANG_WARN_CONSTANT_CONVERSION = YES;
				CLANG_WARN_DEPRECATED_OBJC_IMPLEMENTATIONS = YES;
				CLANG_WARN_DIRECT_OBJC_ISA_USAGE = YES_ERROR;
				CLANG_WARN_DOCUMENTATION_COMMENTS = YES;
				CLANG_WARN_EMPTY_BODY = YES;
				CLANG_WARN_ENUM_CONVERSION = YES;
				CLANG_WARN_INFINITE_RECURSION = YES;
				CLANG_WARN_INT_CONVERSION = YES;
				CLANG_WARN_NON_LITERAL_NULL_CONVERSION = YES;
				CLANG_WARN_OBJC_IMPLICIT_RETAIN_SELF = YES;
				CLANG_WARN_OBJC_LITERAL_CONVERSION = YES;
				CLANG_WARN_OBJC_ROOT_CLASS = YES_ERROR;
				CLANG_WARN_RANGE_LOOP_ANALYSIS = YES;
				CLANG_WARN_STRICT_PROTOTYPES = YES;
				CLANG_WARN_SUSPICIOUS_MOVE = YES;
				CLANG_WARN_UNGUARDED_AVAILABILITY = YES_AGGRESSIVE;
				CLANG_WARN_UNREACHABLE_CODE = YES;
				CLANG_WARN__DUPLICATE_METHOD_MATCH = YES;
				CODE_SIGN_IDENTITY = "-";
				COPY_PHASE_STRIP = NO;
				DEBUG_INFORMATION_FORMAT = "dwarf-with-dsym";
				ENABLE_NS_ASSERTIONS = NO;
				ENABLE_STRICT_OBJC_MSGSEND = YES;
				GCC_C_LANGUAGE_STANDARD = gnu11;
				GCC_NO_COMMON_BLOCKS = YES;
				GCC_WARN_64_TO_32_BIT_CONVERSION = YES;
				GCC_WARN_ABOUT_RETURN_TYPE = YES_ERROR;
				GCC_WARN_UNDECLARED_SELECTOR = YES;
				GCC_WARN_UNINITIALIZED_AUTOS = YES_AGGRESSIVE;
				GCC_WARN_UNUSED_FUNCTION = YES;
				GCC_WARN_UNUSED_VARIABLE = YES;
				MACOSX_DEPLOYMENT_TARGET = 10.13;
				MTL_ENABLE_DEBUG_INFO = NO;
				MTL_FAST_MATH = YES;
				SDKROOT = macosx;
				SWIFT_COMPILATION_MODE = wholemodule;
				SWIFT_OPTIMIZATION_LEVEL = "-O";
			};
			name = Release;
		};
		49F9C891218172B90045994C /* Debug */ = {
			isa = XCBuildConfiguration;
			baseConfigurationReference = A784A6D2BC95005A66ADC77C /* Pods-sBotOSX.debug.xcconfig */;
			buildSettings = {
				ASSETCATALOG_COMPILER_APPICON_NAME = AppIcon;
				CODE_SIGN_ENTITLEMENTS = sBotOSX/sBotOSX.entitlements;
				CODE_SIGN_IDENTITY = "Mac Developer";
				CODE_SIGN_STYLE = Automatic;
				COMBINE_HIDPI_IMAGES = YES;
				DEVELOPMENT_TEAM = B2GKW4DTXJ;
				INFOPLIST_FILE = sBotOSX/Info.plist;
				LD_RUNPATH_SEARCH_PATHS = (
					"$(inherited)",
					"@executable_path/../Frameworks",
				);
				MACOSX_DEPLOYMENT_TARGET = 10.13;
				PRODUCT_BUNDLE_IDENTIFIER = feels024.sBotOSX;
				PRODUCT_NAME = "$(TARGET_NAME)";
				PROVISIONING_PROFILE_SPECIFIER = "";
				SWIFT_VERSION = 4.2;
			};
			name = Debug;
		};
		49F9C892218172B90045994C /* Release */ = {
			isa = XCBuildConfiguration;
			baseConfigurationReference = 9E34A146F21C72BDB54C509C /* Pods-sBotOSX.release.xcconfig */;
			buildSettings = {
				ASSETCATALOG_COMPILER_APPICON_NAME = AppIcon;
				CODE_SIGN_ENTITLEMENTS = sBotOSX/sBotOSX.entitlements;
				CODE_SIGN_IDENTITY = "Mac Developer";
				CODE_SIGN_STYLE = Automatic;
				COMBINE_HIDPI_IMAGES = YES;
				DEVELOPMENT_TEAM = B2GKW4DTXJ;
				INFOPLIST_FILE = sBotOSX/Info.plist;
				LD_RUNPATH_SEARCH_PATHS = (
					"$(inherited)",
					"@executable_path/../Frameworks",
				);
				MACOSX_DEPLOYMENT_TARGET = 10.13;
				PRODUCT_BUNDLE_IDENTIFIER = feels024.sBotOSX;
				PRODUCT_NAME = "$(TARGET_NAME)";
				PROVISIONING_PROFILE_SPECIFIER = "";
				SWIFT_VERSION = 4.2;
			};
			name = Release;
		};
/* End XCBuildConfiguration section */

/* Begin XCConfigurationList section */
		49F9C87B218172B00045994C /* Build configuration list for PBXProject "sBotOSX" */ = {
			isa = XCConfigurationList;
			buildConfigurations = (
				49F9C88E218172B90045994C /* Debug */,
				49F9C88F218172B90045994C /* Release */,
			);
			defaultConfigurationIsVisible = 0;
			defaultConfigurationName = Release;
		};
		49F9C890218172B90045994C /* Build configuration list for PBXNativeTarget "sBotOSX" */ = {
			isa = XCConfigurationList;
			buildConfigurations = (
				49F9C891218172B90045994C /* Debug */,
				49F9C892218172B90045994C /* Release */,
			);
			defaultConfigurationIsVisible = 0;
			defaultConfigurationName = Release;
		};
/* End XCConfigurationList section */
	};
	rootObject = 49F9C878218172B00045994C /* Project object */;
}
